
Microsoft Visual Studio Solution File, Format Version 12.00
# Visual Studio Version 17
VisualStudioVersion = 17.0.31903.59
MinimumVisualStudioVersion = 10.0.40219.1
Project("{2150E333-8FDC-42A3-9474-1A3956D46DE8}") = "src", "src", "{827E0CD3-B72D-47B6-A68D-7590B98EB39B}"
EndProject
Project("{FAE04EC0-301F-11D3-BF4B-00C04F79EFBC}") = "VoltGuard.Api", "src\VoltGuard.Api\VoltGuard.Api.csproj", "{81716FEA-92EF-4A17-986C-45F3DCF7F39D}"
EndProject
Project("{FAE04EC0-301F-11D3-BF4B-00C04F79EFBC}") = "VoltGuard.Application", "src\VoltGuard.Application\VoltGuard.Application.csproj", "{5CA33408-D63E-425A-A8C1-657C7389C869}"
EndProject
Project("{FAE04EC0-301F-11D3-BF4B-00C04F79EFBC}") = "VoltGuard.Domain", "src\VoltGuard.Domain\VoltGuard.Domain.csproj", "{400F35E2-280F-4185-B930-ED3EB2902268}"
EndProject
Project("{FAE04EC0-301F-11D3-BF4B-00C04F79EFBC}") = "VoltGuard.Infrastructure", "src\VoltGuard.Infrastructure\VoltGuard.Infrastructure.csproj", "{295C3645-D602-4EAF-80F8-3AD35A9F3CF2}"
EndProject
Project("{2150E333-8FDC-42A3-9474-1A3956D46DE8}") = "tests", "tests", "{0AB3BF05-4346-4AA6-1389-037BE0695223}"
EndProject
Project("{FAE04EC0-301F-11D3-BF4B-00C04F79EFBC}") = "VoltGuard.UnitTests", "tests\VoltGuard.UnitTests\VoltGuard.UnitTests.csproj", "{1BA2C978-1835-4B99-9429-BBC9FD25060D}"
EndProject
Project("{FAE04EC0-301F-11D3-BF4B-00C04F79EFBC}") = "VoltGuard.IntegrationTests", "tests\VoltGuard.IntegrationTests\VoltGuard.IntegrationTests.csproj", "{44BAA5A9-DADE-4F34-9AF9-514C83975684}"
EndProject
Global
	GlobalSection(SolutionConfigurationPlatforms) = preSolution
		Debug|Any CPU = Debug|Any CPU
		Debug|x64 = Debug|x64
		Debug|x86 = Debug|x86
		Release|Any CPU = Release|Any CPU
		Release|x64 = Release|x64
		Release|x86 = Release|x86
	EndGlobalSection
	GlobalSection(ProjectConfigurationPlatforms) = postSolution
		{81716FEA-92EF-4A17-986C-45F3DCF7F39D}.Debug|Any CPU.ActiveCfg = Debug|Any CPU
		{81716FEA-92EF-4A17-986C-45F3DCF7F39D}.Debug|Any CPU.Build.0 = Debug|Any CPU
		{81716FEA-92EF-4A17-986C-45F3DCF7F39D}.Debug|x64.ActiveCfg = Debug|Any CPU
		{81716FEA-92EF-4A17-986C-45F3DCF7F39D}.Debug|x64.Build.0 = Debug|Any CPU
		{81716FEA-92EF-4A17-986C-45F3DCF7F39D}.Debug|x86.ActiveCfg = Debug|Any CPU
		{81716FEA-92EF-4A17-986C-45F3DCF7F39D}.Debug|x86.Build.0 = Debug|Any CPU
		{81716FEA-92EF-4A17-986C-45F3DCF7F39D}.Release|Any CPU.ActiveCfg = Release|Any CPU
		{81716FEA-92EF-4A17-986C-45F3DCF7F39D}.Release|Any CPU.Build.0 = Release|Any CPU
		{81716FEA-92EF-4A17-986C-45F3DCF7F39D}.Release|x64.ActiveCfg = Release|Any CPU
		{81716FEA-92EF-4A17-986C-45F3DCF7F39D}.Release|x64.Build.0 = Release|Any CPU
		{81716FEA-92EF-4A17-986C-45F3DCF7F39D}.Release|x86.ActiveCfg = Release|Any CPU
		{81716FEA-92EF-4A17-986C-45F3DCF7F39D}.Release|x86.Build.0 = Release|Any CPU
		{5CA33408-D63E-425A-A8C1-657C7389C869}.Debug|Any CPU.ActiveCfg = Debug|Any CPU
		{5CA33408-D63E-425A-A8C1-657C7389C869}.Debug|Any CPU.Build.0 = Debug|Any CPU
		{5CA33408-D63E-425A-A8C1-657C7389C869}.Debug|x64.ActiveCfg = Debug|Any CPU
		{5CA33408-D63E-425A-A8C1-657C7389C869}.Debug|x64.Build.0 = Debug|Any CPU
		{5CA33408-D63E-425A-A8C1-657C7389C869}.Debug|x86.ActiveCfg = Debug|Any CPU
		{5CA33408-D63E-425A-A8C1-657C7389C869}.Debug|x86.Build.0 = Debug|Any CPU
		{5CA33408-D63E-425A-A8C1-657C7389C869}.Release|Any CPU.ActiveCfg = Release|Any CPU
		{5CA33408-D63E-425A-A8C1-657C7389C869}.Release|Any CPU.Build.0 = Release|Any CPU
		{5CA33408-D63E-425A-A8C1-657C7389C869}.Release|x64.ActiveCfg = Release|Any CPU
		{5CA33408-D63E-425A-A8C1-657C7389C869}.Release|x64.Build.0 = Release|Any CPU
		{5CA33408-D63E-425A-A8C1-657C7389C869}.Release|x86.ActiveCfg = Release|Any CPU
		{5CA33408-D63E-425A-A8C1-657C7389C869}.Release|x86.Build.0 = Release|Any CPU
		{400F35E2-280F-4185-B930-ED3EB2902268}.Debug|Any CPU.ActiveCfg = Debug|Any CPU
		{400F35E2-280F-4185-B930-ED3EB2902268}.Debug|Any CPU.Build.0 = Debug|Any CPU
		{400F35E2-280F-4185-B930-ED3EB2902268}.Debug|x64.ActiveCfg = Debug|Any CPU
		{400F35E2-280F-4185-B930-ED3EB2902268}.Debug|x64.Build.0 = Debug|Any CPU
		{400F35E2-280F-4185-B930-ED3EB2902268}.Debug|x86.ActiveCfg = Debug|Any CPU
		{400F35E2-280F-4185-B930-ED3EB2902268}.Debug|x86.Build.0 = Debug|Any CPU
		{400F35E2-280F-4185-B930-ED3EB2902268}.Release|Any CPU.ActiveCfg = Release|Any CPU
		{400F35E2-280F-4185-B930-ED3EB2902268}.Release|Any CPU.Build.0 = Release|Any CPU
		{400F35E2-280F-4185-B930-ED3EB2902268}.Release|x64.ActiveCfg = Release|Any CPU
		{400F35E2-280F-4185-B930-ED3EB2902268}.Release|x64.Build.0 = Release|Any CPU
		{400F35E2-280F-4185-B930-ED3EB2902268}.Release|x86.ActiveCfg = Release|Any CPU
		{400F35E2-280F-4185-B930-ED3EB2902268}.Release|x86.Build.0 = Release|Any CPU
		{295C3645-D602-4EAF-80F8-3AD35A9F3CF2}.Debug|Any CPU.ActiveCfg = Debug|Any CPU
		{295C3645-D602-4EAF-80F8-3AD35A9F3CF2}.Debug|Any CPU.Build.0 = Debug|Any CPU
		{295C3645-D602-4EAF-80F8-3AD35A9F3CF2}.Debug|x64.ActiveCfg = Debug|Any CPU
		{295C3645-D602-4EAF-80F8-3AD35A9F3CF2}.Debug|x64.Build.0 = Debug|Any CPU
		{295C3645-D602-4EAF-80F8-3AD35A9F3CF2}.Debug|x86.ActiveCfg = Debug|Any CPU
		{295C3645-D602-4EAF-80F8-3AD35A9F3CF2}.Debug|x86.Build.0 = Debug|Any CPU
		{295C3645-D602-4EAF-80F8-3AD35A9F3CF2}.Release|Any CPU.ActiveCfg = Release|Any CPU
		{295C3645-D602-4EAF-80F8-3AD35A9F3CF2}.Release|Any CPU.Build.0 = Release|Any CPU
		{295C3645-D602-4EAF-80F8-3AD35A9F3CF2}.Release|x64.ActiveCfg = Release|Any CPU
		{295C3645-D602-4EAF-80F8-3AD35A9F3CF2}.Release|x64.Build.0 = Release|Any CPU
		{295C3645-D602-4EAF-80F8-3AD35A9F3CF2}.Release|x86.ActiveCfg = Release|Any CPU
		{295C3645-D602-4EAF-80F8-3AD35A9F3CF2}.Release|x86.Build.0 = Release|Any CPU
		{1BA2C978-1835-4B99-9429-BBC9FD25060D}.Debug|Any CPU.ActiveCfg = Debug|Any CPU
		{1BA2C978-1835-4B99-9429-BBC9FD25060D}.Debug|Any CPU.Build.0 = Debug|Any CPU
		{1BA2C978-1835-4B99-9429-BBC9FD25060D}.Debug|x64.ActiveCfg = Debug|Any CPU
		{1BA2C978-1835-4B99-9429-BBC9FD25060D}.Debug|x64.Build.0 = Debug|Any CPU
		{1BA2C978-1835-4B99-9429-BBC9FD25060D}.Debug|x86.ActiveCfg = Debug|Any CPU
		{1BA2C978-1835-4B99-9429-BBC9FD25060D}.Debug|x86.Build.0 = Debug|Any CPU
		{1BA2C978-1835-4B99-9429-BBC9FD25060D}.Release|Any CPU.ActiveCfg = Release|Any CPU
		{1BA2C978-1835-4B99-9429-BBC9FD25060D}.Release|Any CPU.Build.0 = Release|Any CPU
		{1BA2C978-1835-4B99-9429-BBC9FD25060D}.Release|x64.ActiveCfg = Release|Any CPU
		{1BA2C978-1835-4B99-9429-BBC9FD25060D}.Release|x64.Build.0 = Release|Any CPU
		{1BA2C978-1835-4B99-9429-BBC9FD25060D}.Release|x86.ActiveCfg = Release|Any CPU
		{1BA2C978-1835-4B99-9429-BBC9FD25060D}.Release|x86.Build.0 = Release|Any CPU
		{44BAA5A9-DADE-4F34-9AF9-514C83975684}.Debug|Any CPU.ActiveCfg = Debug|Any CPU
		{44BAA5A9-DADE-4F34-9AF9-514C83975684}.Debug|Any CPU.Build.0 = Debug|Any CPU
		{44BAA5A9-DADE-4F34-9AF9-514C83975684}.Debug|x64.ActiveCfg = Debug|Any CPU
		{44BAA5A9-DADE-4F34-9AF9-514C83975684}.Debug|x64.Build.0 = Debug|Any CPU
		{44BAA5A9-DADE-4F34-9AF9-514C83975684}.Debug|x86.ActiveCfg = Debug|Any CPU
		{44BAA5A9-DADE-4F34-9AF9-514C83975684}.Debug|x86.Build.0 = Debug|Any CPU
		{44BAA5A9-DADE-4F34-9AF9-514C83975684}.Release|Any CPU.ActiveCfg = Release|Any CPU
		{44BAA5A9-DADE-4F34-9AF9-514C83975684}.Release|Any CPU.Build.0 = Release|Any CPU
		{44BAA5A9-DADE-4F34-9AF9-514C83975684}.Release|x64.ActiveCfg = Release|Any CPU
		{44BAA5A9-DADE-4F34-9AF9-514C83975684}.Release|x64.Build.0 = Release|Any CPU
		{44BAA5A9-DADE-4F34-9AF9-514C83975684}.Release|x86.ActiveCfg = Release|Any CPU
		{44BAA5A9-DADE-4F34-9AF9-514C83975684}.Release|x86.Build.0 = Release|Any CPU
	EndGlobalSection
	GlobalSection(SolutionProperties) = preSolution
		HideSolutionNode = FALSE
	EndGlobalSection
	GlobalSection(NestedProjects) = preSolution
		{81716FEA-92EF-4A17-986C-45F3DCF7F39D} = {827E0CD3-B72D-47B6-A68D-7590B98EB39B}
		{5CA33408-D63E-425A-A8C1-657C7389C869} = {827E0CD3-B72D-47B6-A68D-7590B98EB39B}
		{400F35E2-280F-4185-B930-ED3EB2902268} = {827E0CD3-B72D-47B6-A68D-7590B98EB39B}
		{295C3645-D602-4EAF-80F8-3AD35A9F3CF2} = {827E0CD3-B72D-47B6-A68D-7590B98EB39B}
		{1BA2C978-1835-4B99-9429-BBC9FD25060D} = {0AB3BF05-4346-4AA6-1389-037BE0695223}
		{44BAA5A9-DADE-4F34-9AF9-514C83975684} = {0AB3BF05-4346-4AA6-1389-037BE0695223}
	EndGlobalSection
EndGlobal
